// !$*UTF8*$!
{
	archiveVersion = 1;
	classes = {
	};
	objectVersion = 56;
	objects = {

/* Begin PBXBuildFile section */
		FF7B8EEB2BF77102009A6BE0 /* LocationManager.swift in Sources */ = {isa = PBXBuildFile; fileRef = FF7B8EEA2BF77102009A6BE0 /* LocationManager.swift */; };
		FFC612402BF4BE38008FF57B /* PixelmonGo Watch App.app in Embed Watch Content */ = {isa = PBXBuildFile; fileRef = FFC6123F2BF4BE38008FF57B /* PixelmonGo Watch App.app */; settings = {ATTRIBUTES = (RemoveHeadersOnCopy, ); }; };
		FFC612452BF4BE38008FF57B /* PixelmonGoApp.swift in Sources */ = {isa = PBXBuildFile; fileRef = FFC612442BF4BE38008FF57B /* PixelmonGoApp.swift */; };
		FFC612472BF4BE38008FF57B /* ContentView.swift in Sources */ = {isa = PBXBuildFile; fileRef = FFC612462BF4BE38008FF57B /* ContentView.swift */; };
		FFC612492BF4BE39008FF57B /* Assets.xcassets in Resources */ = {isa = PBXBuildFile; fileRef = FFC612482BF4BE39008FF57B /* Assets.xcassets */; };
		FFC6124C2BF4BE39008FF57B /* Preview Assets.xcassets in Resources */ = {isa = PBXBuildFile; fileRef = FFC6124B2BF4BE39008FF57B /* Preview Assets.xcassets */; };
		FFC612592BF4C34F008FF57B /* FindView.swift in Sources */ = {isa = PBXBuildFile; fileRef = FFC612582BF4C34F008FF57B /* FindView.swift */; };
		FFC6125B2BF4C62D008FF57B /* InventoryView.swift in Sources */ = {isa = PBXBuildFile; fileRef = FFC6125A2BF4C62C008FF57B /* InventoryView.swift */; };
		FFC612612BF4E029008FF57B /* DirectionHelper.swift in Sources */ = {isa = PBXBuildFile; fileRef = FFC612602BF4E029008FF57B /* DirectionHelper.swift */; };
		FFC612632BF4E03B008FF57B /* CompassHeading.swift in Sources */ = {isa = PBXBuildFile; fileRef = FFC612622BF4E03B008FF57B /* CompassHeading.swift */; };
/* End PBXBuildFile section */

/* Begin PBXContainerItemProxy section */
		FFC612412BF4BE38008FF57B /* PBXContainerItemProxy */ = {
			isa = PBXContainerItemProxy;
			containerPortal = FFC612332BF4BE37008FF57B /* Project object */;
			proxyType = 1;
			remoteGlobalIDString = FFC6123E2BF4BE38008FF57B;
			remoteInfo = "PixelmonGo Watch App";
		};
/* End PBXContainerItemProxy section */

/* Begin PBXCopyFilesBuildPhase section */
		FFC612522BF4BE39008FF57B /* Embed Watch Content */ = {
			isa = PBXCopyFilesBuildPhase;
			buildActionMask = 2147483647;
			dstPath = "$(CONTENTS_FOLDER_PATH)/Watch";
			dstSubfolderSpec = 16;
			files = (
				FFC612402BF4BE38008FF57B /* PixelmonGo Watch App.app in Embed Watch Content */,
			);
			name = "Embed Watch Content";
			runOnlyForDeploymentPostprocessing = 0;
		};
/* End PBXCopyFilesBuildPhase section */

/* Begin PBXFileReference section */
		FF7B8EEA2BF77102009A6BE0 /* LocationManager.swift */ = {isa = PBXFileReference; lastKnownFileType = sourcecode.swift; path = LocationManager.swift; sourceTree = "<group>"; };
		FF7B8EEC2BF77472009A6BE0 /* PixelmonGo-Watch-App-Info.plist */ = {isa = PBXFileReference; lastKnownFileType = text.plist; path = "PixelmonGo-Watch-App-Info.plist"; sourceTree = SOURCE_ROOT; };
		FFC612392BF4BE38008FF57B /* PixelmonGo.app */ = {isa = PBXFileReference; explicitFileType = wrapper.application; includeInIndex = 0; path = PixelmonGo.app; sourceTree = BUILT_PRODUCTS_DIR; };
		FFC6123F2BF4BE38008FF57B /* PixelmonGo Watch App.app */ = {isa = PBXFileReference; explicitFileType = wrapper.application; includeInIndex = 0; path = "PixelmonGo Watch App.app"; sourceTree = BUILT_PRODUCTS_DIR; };
		FFC612442BF4BE38008FF57B /* PixelmonGoApp.swift */ = {isa = PBXFileReference; lastKnownFileType = sourcecode.swift; path = PixelmonGoApp.swift; sourceTree = "<group>"; };
		FFC612462BF4BE38008FF57B /* ContentView.swift */ = {isa = PBXFileReference; lastKnownFileType = sourcecode.swift; path = ContentView.swift; sourceTree = "<group>"; };
		FFC612482BF4BE39008FF57B /* Assets.xcassets */ = {isa = PBXFileReference; lastKnownFileType = folder.assetcatalog; path = Assets.xcassets; sourceTree = "<group>"; };
		FFC6124B2BF4BE39008FF57B /* Preview Assets.xcassets */ = {isa = PBXFileReference; lastKnownFileType = folder.assetcatalog; path = "Preview Assets.xcassets"; sourceTree = "<group>"; };
		FFC612582BF4C34F008FF57B /* FindView.swift */ = {isa = PBXFileReference; lastKnownFileType = sourcecode.swift; path = FindView.swift; sourceTree = "<group>"; };
		FFC6125A2BF4C62C008FF57B /* InventoryView.swift */ = {isa = PBXFileReference; lastKnownFileType = sourcecode.swift; path = InventoryView.swift; sourceTree = "<group>"; };
		FFC612602BF4E029008FF57B /* DirectionHelper.swift */ = {isa = PBXFileReference; fileEncoding = 4; lastKnownFileType = sourcecode.swift; path = DirectionHelper.swift; sourceTree = "<group>"; };
		FFC612622BF4E03B008FF57B /* CompassHeading.swift */ = {isa = PBXFileReference; fileEncoding = 4; lastKnownFileType = sourcecode.swift; path = CompassHeading.swift; sourceTree = "<group>"; };
/* End PBXFileReference section */

/* Begin PBXFrameworksBuildPhase section */
		FFC6123C2BF4BE38008FF57B /* Frameworks */ = {
			isa = PBXFrameworksBuildPhase;
			buildActionMask = 2147483647;
			files = (
			);
			runOnlyForDeploymentPostprocessing = 0;
		};
/* End PBXFrameworksBuildPhase section */

/* Begin PBXGroup section */
		FFC612322BF4BE37008FF57B = {
			isa = PBXGroup;
			children = (
				FFC612432BF4BE38008FF57B /* PixelmonGo Watch App */,
				FFC6123A2BF4BE38008FF57B /* Products */,
			);
			sourceTree = "<group>";
		};
		FFC6123A2BF4BE38008FF57B /* Products */ = {
			isa = PBXGroup;
			children = (
				FFC612392BF4BE38008FF57B /* PixelmonGo.app */,
				FFC6123F2BF4BE38008FF57B /* PixelmonGo Watch App.app */,
			);
			name = Products;
			sourceTree = "<group>";
		};
		FFC612432BF4BE38008FF57B /* PixelmonGo Watch App */ = {
			isa = PBXGroup;
			children = (
				FF7B8EEC2BF77472009A6BE0 /* PixelmonGo-Watch-App-Info.plist */,
				FFC612622BF4E03B008FF57B /* CompassHeading.swift */,
				FF7B8EEA2BF77102009A6BE0 /* LocationManager.swift */,
				FFC612602BF4E029008FF57B /* DirectionHelper.swift */,
				FFC612442BF4BE38008FF57B /* PixelmonGoApp.swift */,
				FFC612462BF4BE38008FF57B /* ContentView.swift */,
				FFC612582BF4C34F008FF57B /* FindView.swift */,
				FFC6125A2BF4C62C008FF57B /* InventoryView.swift */,
				FFC612482BF4BE39008FF57B /* Assets.xcassets */,
				FFC6124A2BF4BE39008FF57B /* Preview Content */,
			);
			path = "PixelmonGo Watch App";
			sourceTree = "<group>";
		};
		FFC6124A2BF4BE39008FF57B /* Preview Content */ = {
			isa = PBXGroup;
			children = (
				FFC6124B2BF4BE39008FF57B /* Preview Assets.xcassets */,
			);
			path = "Preview Content";
			sourceTree = "<group>";
		};
/* End PBXGroup section */

/* Begin PBXNativeTarget section */
		FFC612382BF4BE38008FF57B /* PixelmonGo */ = {
			isa = PBXNativeTarget;
			buildConfigurationList = FFC612532BF4BE39008FF57B /* Build configuration list for PBXNativeTarget "PixelmonGo" */;
			buildPhases = (
				FFC612372BF4BE38008FF57B /* Resources */,
				FFC612522BF4BE39008FF57B /* Embed Watch Content */,
			);
			buildRules = (
			);
			dependencies = (
				FFC612422BF4BE38008FF57B /* PBXTargetDependency */,
			);
			name = PixelmonGo;
			productName = PixelmonGo;
			productReference = FFC612392BF4BE38008FF57B /* PixelmonGo.app */;
			productType = "com.apple.product-type.application.watchapp2-container";
		};
		FFC6123E2BF4BE38008FF57B /* PixelmonGo Watch App */ = {
			isa = PBXNativeTarget;
			buildConfigurationList = FFC6124F2BF4BE39008FF57B /* Build configuration list for PBXNativeTarget "PixelmonGo Watch App" */;
			buildPhases = (
				FFC6123B2BF4BE38008FF57B /* Sources */,
				FFC6123C2BF4BE38008FF57B /* Frameworks */,
				FFC6123D2BF4BE38008FF57B /* Resources */,
			);
			buildRules = (
			);
			dependencies = (
			);
			name = "PixelmonGo Watch App";
			productName = "PixelmonGo Watch App";
			productReference = FFC6123F2BF4BE38008FF57B /* PixelmonGo Watch App.app */;
			productType = "com.apple.product-type.application";
		};
/* End PBXNativeTarget section */

/* Begin PBXProject section */
		FFC612332BF4BE37008FF57B /* Project object */ = {
			isa = PBXProject;
			attributes = {
				BuildIndependentTargetsInParallel = 1;
				LastSwiftUpdateCheck = 1530;
				LastUpgradeCheck = 1530;
				TargetAttributes = {
					FFC612382BF4BE38008FF57B = {
						CreatedOnToolsVersion = 15.3;
						LastSwiftMigration = 1530;
					};
					FFC6123E2BF4BE38008FF57B = {
						CreatedOnToolsVersion = 15.3;
					};
				};
			};
			buildConfigurationList = FFC612362BF4BE37008FF57B /* Build configuration list for PBXProject "PixelmonGo" */;
			compatibilityVersion = "Xcode 14.0";
			developmentRegion = en;
			hasScannedForEncodings = 0;
			knownRegions = (
				en,
				Base,
			);
			mainGroup = FFC612322BF4BE37008FF57B;
			productRefGroup = FFC6123A2BF4BE38008FF57B /* Products */;
			projectDirPath = "";
			projectRoot = "";
			targets = (
				FFC612382BF4BE38008FF57B /* PixelmonGo */,
				FFC6123E2BF4BE38008FF57B /* PixelmonGo Watch App */,
			);
		};
/* End PBXProject section */

/* Begin PBXResourcesBuildPhase section */
		FFC612372BF4BE38008FF57B /* Resources */ = {
			isa = PBXResourcesBuildPhase;
			buildActionMask = 2147483647;
			files = (
			);
			runOnlyForDeploymentPostprocessing = 0;
		};
		FFC6123D2BF4BE38008FF57B /* Resources */ = {
			isa = PBXResourcesBuildPhase;
			buildActionMask = 2147483647;
			files = (
				FFC6124C2BF4BE39008FF57B /* Preview Assets.xcassets in Resources */,
				FFC612492BF4BE39008FF57B /* Assets.xcassets in Resources */,
			);
			runOnlyForDeploymentPostprocessing = 0;
		};
/* End PBXResourcesBuildPhase section */

/* Begin PBXSourcesBuildPhase section */
		FFC6123B2BF4BE38008FF57B /* Sources */ = {
			isa = PBXSourcesBuildPhase;
			buildActionMask = 2147483647;
			files = (
				FFC612472BF4BE38008FF57B /* ContentView.swift in Sources */,
				FFC612612BF4E029008FF57B /* DirectionHelper.swift in Sources */,
				FFC612452BF4BE38008FF57B /* PixelmonGoApp.swift in Sources */,
				FF7B8EEB2BF77102009A6BE0 /* LocationManager.swift in Sources */,
				FFC612632BF4E03B008FF57B /* CompassHeading.swift in Sources */,
				FFC612592BF4C34F008FF57B /* FindView.swift in Sources */,
				FFC6125B2BF4C62D008FF57B /* InventoryView.swift in Sources */,
			);
			runOnlyForDeploymentPostprocessing = 0;
		};
/* End PBXSourcesBuildPhase section */

/* Begin PBXTargetDependency section */
		FFC612422BF4BE38008FF57B /* PBXTargetDependency */ = {
			isa = PBXTargetDependency;
			target = FFC6123E2BF4BE38008FF57B /* PixelmonGo Watch App */;
			targetProxy = FFC612412BF4BE38008FF57B /* PBXContainerItemProxy */;
		};
/* End PBXTargetDependency section */

/* Begin XCBuildConfiguration section */
		FFC6124D2BF4BE39008FF57B /* Debug */ = {
			isa = XCBuildConfiguration;
			buildSettings = {
				ALWAYS_SEARCH_USER_PATHS = NO;
				ASSETCATALOG_COMPILER_GENERATE_SWIFT_ASSET_SYMBOL_EXTENSIONS = YES;
				CLANG_ANALYZER_NONNULL = YES;
				CLANG_ANALYZER_NUMBER_OBJECT_CONVERSION = YES_AGGRESSIVE;
				CLANG_CXX_LANGUAGE_STANDARD = "gnu++20";
				CLANG_ENABLE_MODULES = YES;
				CLANG_ENABLE_OBJC_ARC = YES;
				CLANG_ENABLE_OBJC_WEAK = YES;
				CLANG_WARN_BLOCK_CAPTURE_AUTORELEASING = YES;
				CLANG_WARN_BOOL_CONVERSION = YES;
				CLANG_WARN_COMMA = YES;
				CLANG_WARN_CONSTANT_CONVERSION = YES;
				CLANG_WARN_DEPRECATED_OBJC_IMPLEMENTATIONS = YES;
				CLANG_WARN_DIRECT_OBJC_ISA_USAGE = YES_ERROR;
				CLANG_WARN_DOCUMENTATION_COMMENTS = YES;
				CLANG_WARN_EMPTY_BODY = YES;
				CLANG_WARN_ENUM_CONVERSION = YES;
				CLANG_WARN_INFINITE_RECURSION = YES;
				CLANG_WARN_INT_CONVERSION = YES;
				CLANG_WARN_NON_LITERAL_NULL_CONVERSION = YES;
				CLANG_WARN_OBJC_IMPLICIT_RETAIN_SELF = YES;
				CLANG_WARN_OBJC_LITERAL_CONVERSION = YES;
				CLANG_WARN_OBJC_ROOT_CLASS = YES_ERROR;
				CLANG_WARN_QUOTED_INCLUDE_IN_FRAMEWORK_HEADER = YES;
				CLANG_WARN_RANGE_LOOP_ANALYSIS = YES;
				CLANG_WARN_STRICT_PROTOTYPES = YES;
				CLANG_WARN_SUSPICIOUS_MOVE = YES;
				CLANG_WARN_UNGUARDED_AVAILABILITY = YES_AGGRESSIVE;
				CLANG_WARN_UNREACHABLE_CODE = YES;
				CLANG_WARN__DUPLICATE_METHOD_MATCH = YES;
				COPY_PHASE_STRIP = NO;
				DEBUG_INFORMATION_FORMAT = dwarf;
				ENABLE_STRICT_OBJC_MSGSEND = YES;
				ENABLE_TESTABILITY = YES;
				ENABLE_USER_SCRIPT_SANDBOXING = YES;
				GCC_C_LANGUAGE_STANDARD = gnu17;
				GCC_DYNAMIC_NO_PIC = NO;
				GCC_NO_COMMON_BLOCKS = YES;
				GCC_OPTIMIZATION_LEVEL = 0;
				GCC_PREPROCESSOR_DEFINITIONS = (
					"DEBUG=1",
					"$(inherited)",
				);
				GCC_WARN_64_TO_32_BIT_CONVERSION = YES;
				GCC_WARN_ABOUT_RETURN_TYPE = YES_ERROR;
				GCC_WARN_UNDECLARED_SELECTOR = YES;
				GCC_WARN_UNINITIALIZED_AUTOS = YES_AGGRESSIVE;
				GCC_WARN_UNUSED_FUNCTION = YES;
				GCC_WARN_UNUSED_VARIABLE = YES;
				LOCALIZATION_PREFERS_STRING_CATALOGS = YES;
				MTL_ENABLE_DEBUG_INFO = INCLUDE_SOURCE;
				MTL_FAST_MATH = YES;
				ONLY_ACTIVE_ARCH = YES;
				SWIFT_ACTIVE_COMPILATION_CONDITIONS = "DEBUG $(inherited)";
				SWIFT_OPTIMIZATION_LEVEL = "-Onone";
			};
			name = Debug;
		};
		FFC6124E2BF4BE39008FF57B /* Release */ = {
			isa = XCBuildConfiguration;
			buildSettings = {
				ALWAYS_SEARCH_USER_PATHS = NO;
				ASSETCATALOG_COMPILER_GENERATE_SWIFT_ASSET_SYMBOL_EXTENSIONS = YES;
				CLANG_ANALYZER_NONNULL = YES;
				CLANG_ANALYZER_NUMBER_OBJECT_CONVERSION = YES_AGGRESSIVE;
				CLANG_CXX_LANGUAGE_STANDARD = "gnu++20";
				CLANG_ENABLE_MODULES = YES;
				CLANG_ENABLE_OBJC_ARC = YES;
				CLANG_ENABLE_OBJC_WEAK = YES;
				CLANG_WARN_BLOCK_CAPTURE_AUTORELEASING = YES;
				CLANG_WARN_BOOL_CONVERSION = YES;
				CLANG_WARN_COMMA = YES;
				CLANG_WARN_CONSTANT_CONVERSION = YES;
				CLANG_WARN_DEPRECATED_OBJC_IMPLEMENTATIONS = YES;
				CLANG_WARN_DIRECT_OBJC_ISA_USAGE = YES_ERROR;
				CLANG_WARN_DOCUMENTATION_COMMENTS = YES;
				CLANG_WARN_EMPTY_BODY = YES;
				CLANG_WARN_ENUM_CONVERSION = YES;
				CLANG_WARN_INFINITE_RECURSION = YES;
				CLANG_WARN_INT_CONVERSION = YES;
				CLANG_WARN_NON_LITERAL_NULL_CONVERSION = YES;
				CLANG_WARN_OBJC_IMPLICIT_RETAIN_SELF = YES;
				CLANG_WARN_OBJC_LITERAL_CONVERSION = YES;
				CLANG_WARN_OBJC_ROOT_CLASS = YES_ERROR;
				CLANG_WARN_QUOTED_INCLUDE_IN_FRAMEWORK_HEADER = YES;
				CLANG_WARN_RANGE_LOOP_ANALYSIS = YES;
				CLANG_WARN_STRICT_PROTOTYPES = YES;
				CLANG_WARN_SUSPICIOUS_MOVE = YES;
				CLANG_WARN_UNGUARDED_AVAILABILITY = YES_AGGRESSIVE;
				CLANG_WARN_UNREACHABLE_CODE = YES;
				CLANG_WARN__DUPLICATE_METHOD_MATCH = YES;
				COPY_PHASE_STRIP = NO;
				DEBUG_INFORMATION_FORMAT = "dwarf-with-dsym";
				ENABLE_NS_ASSERTIONS = NO;
				ENABLE_STRICT_OBJC_MSGSEND = YES;
				ENABLE_USER_SCRIPT_SANDBOXING = YES;
				GCC_C_LANGUAGE_STANDARD = gnu17;
				GCC_NO_COMMON_BLOCKS = YES;
				GCC_WARN_64_TO_32_BIT_CONVERSION = YES;
				GCC_WARN_ABOUT_RETURN_TYPE = YES_ERROR;
				GCC_WARN_UNDECLARED_SELECTOR = YES;
				GCC_WARN_UNINITIALIZED_AUTOS = YES_AGGRESSIVE;
				GCC_WARN_UNUSED_FUNCTION = YES;
				GCC_WARN_UNUSED_VARIABLE = YES;
				LOCALIZATION_PREFERS_STRING_CATALOGS = YES;
				MTL_ENABLE_DEBUG_INFO = NO;
				MTL_FAST_MATH = YES;
				SWIFT_COMPILATION_MODE = wholemodule;
			};
			name = Release;
		};
		FFC612502BF4BE39008FF57B /* Debug */ = {
			isa = XCBuildConfiguration;
			buildSettings = {
				ASSETCATALOG_COMPILER_APPICON_NAME = AppIcon;
				ASSETCATALOG_COMPILER_GLOBAL_ACCENT_COLOR_NAME = AccentColor;
				CODE_SIGN_STYLE = Automatic;
				CURRENT_PROJECT_VERSION = 1;
				DEVELOPMENT_ASSET_PATHS = "\"PixelmonGo Watch App/Preview Content\"";
				DEVELOPMENT_TEAM = 326C9U59AH;
				ENABLE_PREVIEWS = YES;
				GENERATE_INFOPLIST_FILE = YES;
				INFOPLIST_FILE = "PixelmonGo-Watch-App-Info.plist";
				INFOPLIST_KEY_CFBundleDisplayName = PixelmonGo;
				INFOPLIST_KEY_NSLocationAlwaysUsageDescription = "Always need your location";
				INFOPLIST_KEY_UISupportedInterfaceOrientations = "UIInterfaceOrientationPortrait UIInterfaceOrientationPortraitUpsideDown";
				INFOPLIST_KEY_WKWatchOnly = YES;
				LD_RUNPATH_SEARCH_PATHS = (
					"$(inherited)",
					"@executable_path/Frameworks",
				);
				MARKETING_VERSION = 1.0;
				PRODUCT_BUNDLE_IDENTIFIER = com.nwm.PixelmonGo.watchkitapp;
				PRODUCT_NAME = "$(TARGET_NAME)";
				SDKROOT = watchos;
				SKIP_INSTALL = YES;
				SWIFT_EMIT_LOC_STRINGS = YES;
				SWIFT_VERSION = 5.0;
				TARGETED_DEVICE_FAMILY = 4;
				WATCHOS_DEPLOYMENT_TARGET = 10.4;
			};
			name = Debug;
		};
		FFC612512BF4BE39008FF57B /* Release */ = {
			isa = XCBuildConfiguration;
			buildSettings = {
				ASSETCATALOG_COMPILER_APPICON_NAME = AppIcon;
				ASSETCATALOG_COMPILER_GLOBAL_ACCENT_COLOR_NAME = AccentColor;
				CODE_SIGN_STYLE = Automatic;
				CURRENT_PROJECT_VERSION = 1;
				DEVELOPMENT_ASSET_PATHS = "\"PixelmonGo Watch App/Preview Content\"";
				DEVELOPMENT_TEAM = 326C9U59AH;
				ENABLE_PREVIEWS = YES;
				GENERATE_INFOPLIST_FILE = YES;
				INFOPLIST_FILE = "PixelmonGo-Watch-App-Info.plist";
				INFOPLIST_KEY_CFBundleDisplayName = PixelmonGo;
				INFOPLIST_KEY_NSLocationAlwaysUsageDescription = "Always need your location";
				INFOPLIST_KEY_UISupportedInterfaceOrientations = "UIInterfaceOrientationPortrait UIInterfaceOrientationPortraitUpsideDown";
				INFOPLIST_KEY_WKWatchOnly = YES;
				LD_RUNPATH_SEARCH_PATHS = (
					"$(inherited)",
					"@executable_path/Frameworks",
				);
				MARKETING_VERSION = 1.0;
				PRODUCT_BUNDLE_IDENTIFIER = com.nwm.PixelmonGo.watchkitapp;
				PRODUCT_NAME = "$(TARGET_NAME)";
				SDKROOT = watchos;
				SKIP_INSTALL = YES;
				SWIFT_EMIT_LOC_STRINGS = YES;
				SWIFT_VERSION = 5.0;
				TARGETED_DEVICE_FAMILY = 4;
				VALIDATE_PRODUCT = YES;
				WATCHOS_DEPLOYMENT_TARGET = 10.4;
			};
			name = Release;
		};
		FFC612542BF4BE39008FF57B /* Debug */ = {
			isa = XCBuildConfiguration;
			buildSettings = {
				ALWAYS_EMBED_SWIFT_STANDARD_LIBRARIES = YES;
				CLANG_ENABLE_MODULES = YES;
				CODE_SIGN_STYLE = Automatic;
				CURRENT_PROJECT_VERSION = 1;
				DEVELOPMENT_TEAM = 326C9U59AH;
				INFOPLIST_KEY_CFBundleDisplayName = PixelmonGo;
				MARKETING_VERSION = 1.0;
				PRODUCT_BUNDLE_IDENTIFIER = com.nwm.PixelmonGo;
				PRODUCT_NAME = "$(TARGET_NAME)";
				SDKROOT = iphoneos;
				SWIFT_OPTIMIZATION_LEVEL = "-Onone";
				SWIFT_VERSION = 5.0;
			};
			name = Debug;
		};
		FFC612552BF4BE39008FF57B /* Release */ = {
			isa = XCBuildConfiguration;
			buildSettings = {
				ALWAYS_EMBED_SWIFT_STANDARD_LIBRARIES = YES;
				CLANG_ENABLE_MODULES = YES;
				CODE_SIGN_STYLE = Automatic;
				CURRENT_PROJECT_VERSION = 1;
				DEVELOPMENT_TEAM = 326C9U59AH;
				INFOPLIST_KEY_CFBundleDisplayName = PixelmonGo;
				MARKETING_VERSION = 1.0;
				PRODUCT_BUNDLE_IDENTIFIER = com.nwm.PixelmonGo;
				PRODUCT_NAME = "$(TARGET_NAME)";
				SDKROOT = iphoneos;
				SWIFT_VERSION = 5.0;
				VALIDATE_PRODUCT = YES;
			};
			name = Release;
		};
/* End XCBuildConfiguration section */

/* Begin XCConfigurationList section */
		FFC612362BF4BE37008FF57B /* Build configuration list for PBXProject "PixelmonGo" */ = {
			isa = XCConfigurationList;
			buildConfigurations = (
				FFC6124D2BF4BE39008FF57B /* Debug */,
				FFC6124E2BF4BE39008FF57B /* Release */,
			);
			defaultConfigurationIsVisible = 0;
			defaultConfigurationName = Release;
		};
		FFC6124F2BF4BE39008FF57B /* Build configuration list for PBXNativeTarget "PixelmonGo Watch App" */ = {
			isa = XCConfigurationList;
			buildConfigurations = (
				FFC612502BF4BE39008FF57B /* Debug */,
				FFC612512BF4BE39008FF57B /* Release */,
			);
			defaultConfigurationIsVisible = 0;
			defaultConfigurationName = Release;
		};
		FFC612532BF4BE39008FF57B /* Build configuration list for PBXNativeTarget "PixelmonGo" */ = {
			isa = XCConfigurationList;
			buildConfigurations = (
				FFC612542BF4BE39008FF57B /* Debug */,
				FFC612552BF4BE39008FF57B /* Release */,
			);
			defaultConfigurationIsVisible = 0;
			defaultConfigurationName = Release;
		};
/* End XCConfigurationList section */
	};
	rootObject = FFC612332BF4BE37008FF57B /* Project object */;
}
